
Microsoft Visual Studio Solution File, Format Version 12.00
# Visual Studio Version 16
VisualStudioVersion = 16.0.30406.217
MinimumVisualStudioVersion = 10.0.40219.1
Project("{FAE04EC0-301F-11D3-BF4B-00C04F79EFBC}") = "DemoWebApplication1", "DemoWebApplication1.csproj", "{0E0E2033-A571-49DD-9C77-C9C136EDCC1C}"
EndProject
Global
	GlobalSection(SolutionConfigurationPlatforms) = preSolution
		Debug|Any CPU = Debug|Any CPU
		Release|Any CPU = Release|Any CPU
	EndGlobalSection
	GlobalSection(ProjectConfigurationPlatforms) = postSolution
		{0E0E2033-A571-49DD-9C77-C9C136EDCC1C}.Debug|Any CPU.ActiveCfg = Debug|Any CPU
		{0E0E2033-A571-49DD-9C77-C9C136EDCC1C}.Debug|Any CPU.Build.0 = Debug|Any CPU
		{0E0E2033-A571-49DD-9C77-C9C136EDCC1C}.Release|Any CPU.ActiveCfg = Release|Any CPU
		{0E0E2033-A571-49DD-9C77-C9C136EDCC1C}.Release|Any CPU.Build.0 = Release|Any CPU
	EndGlobalSection
	GlobalSection(SolutionProperties) = preSolution
		HideSolutionNode = FALSE
	EndGlobalSection
	GlobalSection(ExtensibilityGlobals) = postSolution
		SolutionGuid = {957E58AE-8C4D-4BAC-BAD2-5840D7471182}
	EndGlobalSection
EndGlobal
